// !$*UTF8*$!
{
	archiveVersion = 1;
	classes = {
	};
	objectVersion = 55;
	objects = {

/* Begin PBXBuildFile section */
		8D479E582799DD19001BCDCD /* AppDelegate.swift in Sources */ = {isa = PBXBuildFile; fileRef = 8D479E572799DD19001BCDCD /* AppDelegate.swift */; };
		8D479E5A2799DD19001BCDCD /* SceneDelegate.swift in Sources */ = {isa = PBXBuildFile; fileRef = 8D479E592799DD19001BCDCD /* SceneDelegate.swift */; };
		8D479E612799DD1A001BCDCD /* Assets.xcassets in Resources */ = {isa = PBXBuildFile; fileRef = 8D479E602799DD1A001BCDCD /* Assets.xcassets */; };
		8D479E642799DD1A001BCDCD /* LaunchScreen.storyboard in Resources */ = {isa = PBXBuildFile; fileRef = 8D479E622799DD1A001BCDCD /* LaunchScreen.storyboard */; };
		8D479E6D2799DE9E001BCDCD /* Constants.swift in Sources */ = {isa = PBXBuildFile; fileRef = 8D479E6C2799DE9E001BCDCD /* Constants.swift */; };
		8D479E702799DEC1001BCDCD /* Webservice.swift in Sources */ = {isa = PBXBuildFile; fileRef = 8D479E6F2799DEC1001BCDCD /* Webservice.swift */; };
		8D479E732799DEF0001BCDCD /* Stock.swift in Sources */ = {isa = PBXBuildFile; fileRef = 8D479E722799DEF0001BCDCD /* Stock.swift */; };
		8D479E762799DF97001BCDCD /* StockListViewModel.swift in Sources */ = {isa = PBXBuildFile; fileRef = 8D479E752799DF97001BCDCD /* StockListViewModel.swift */; };
		8D479E792799E06D001BCDCD /* StockListViewController.swift in Sources */ = {isa = PBXBuildFile; fileRef = 8D479E782799E06D001BCDCD /* StockListViewController.swift */; };
		8D479E7C2799E36B001BCDCD /* StockCell.swift in Sources */ = {isa = PBXBuildFile; fileRef = 8D479E7B2799E36B001BCDCD /* StockCell.swift */; };
		8D479E7F2799E668001BCDCD /* Double+Extensions.swift in Sources */ = {isa = PBXBuildFile; fileRef = 8D479E7E2799E668001BCDCD /* Double+Extensions.swift */; };
/* End PBXBuildFile section */

/* Begin PBXFileReference section */
		8D479E542799DD19001BCDCD /* StocksAppUIKit.app */ = {isa = PBXFileReference; explicitFileType = wrapper.application; includeInIndex = 0; path = StocksAppUIKit.app; sourceTree = BUILT_PRODUCTS_DIR; };
		8D479E572799DD19001BCDCD /* AppDelegate.swift */ = {isa = PBXFileReference; lastKnownFileType = sourcecode.swift; path = AppDelegate.swift; sourceTree = "<group>"; };
		8D479E592799DD19001BCDCD /* SceneDelegate.swift */ = {isa = PBXFileReference; lastKnownFileType = sourcecode.swift; path = SceneDelegate.swift; sourceTree = "<group>"; };
		8D479E602799DD1A001BCDCD /* Assets.xcassets */ = {isa = PBXFileReference; lastKnownFileType = folder.assetcatalog; path = Assets.xcassets; sourceTree = "<group>"; };
		8D479E632799DD1A001BCDCD /* Base */ = {isa = PBXFileReference; lastKnownFileType = file.storyboard; name = Base; path = Base.lproj/LaunchScreen.storyboard; sourceTree = "<group>"; };
		8D479E652799DD1A001BCDCD /* Info.plist */ = {isa = PBXFileReference; lastKnownFileType = text.plist.xml; path = Info.plist; sourceTree = "<group>"; };
		8D479E6C2799DE9E001BCDCD /* Constants.swift */ = {isa = PBXFileReference; lastKnownFileType = sourcecode.swift; path = Constants.swift; sourceTree = "<group>"; };
		8D479E6F2799DEC1001BCDCD /* Webservice.swift */ = {isa = PBXFileReference; lastKnownFileType = sourcecode.swift; path = Webservice.swift; sourceTree = "<group>"; };
		8D479E722799DEF0001BCDCD /* Stock.swift */ = {isa = PBXFileReference; lastKnownFileType = sourcecode.swift; path = Stock.swift; sourceTree = "<group>"; };
		8D479E752799DF97001BCDCD /* StockListViewModel.swift */ = {isa = PBXFileReference; lastKnownFileType = sourcecode.swift; path = StockListViewModel.swift; sourceTree = "<group>"; };
		8D479E782799E06D001BCDCD /* StockListViewController.swift */ = {isa = PBXFileReference; lastKnownFileType = sourcecode.swift; path = StockListViewController.swift; sourceTree = "<group>"; };
		8D479E7B2799E36B001BCDCD /* StockCell.swift */ = {isa = PBXFileReference; lastKnownFileType = sourcecode.swift; path = StockCell.swift; sourceTree = "<group>"; };
		8D479E7E2799E668001BCDCD /* Double+Extensions.swift */ = {isa = PBXFileReference; lastKnownFileType = sourcecode.swift; path = "Double+Extensions.swift"; sourceTree = "<group>"; };
/* End PBXFileReference section */

/* Begin PBXFrameworksBuildPhase section */
		8D479E512799DD19001BCDCD /* Frameworks */ = {
			isa = PBXFrameworksBuildPhase;
			buildActionMask = 2147483647;
			files = (
			);
			runOnlyForDeploymentPostprocessing = 0;
		};
/* End PBXFrameworksBuildPhase section */

/* Begin PBXGroup section */
		8D479E4B2799DD19001BCDCD = {
			isa = PBXGroup;
			children = (
				8D479E562799DD19001BCDCD /* StocksAppUIKit */,
				8D479E552799DD19001BCDCD /* Products */,
			);
			sourceTree = "<group>";
		};
		8D479E552799DD19001BCDCD /* Products */ = {
			isa = PBXGroup;
			children = (
				8D479E542799DD19001BCDCD /* StocksAppUIKit.app */,
			);
			name = Products;
			sourceTree = "<group>";
		};
		8D479E562799DD19001BCDCD /* StocksAppUIKit */ = {
			isa = PBXGroup;
			children = (
				8D479E7D2799E65C001BCDCD /* Extensions */,
				8D479E7A2799E361001BCDCD /* Cells */,
				8D479E772799E05F001BCDCD /* Controllers */,
				8D479E742799DF8B001BCDCD /* View Models */,
				8D479E712799DEDC001BCDCD /* Models */,
				8D479E6E2799DEB1001BCDCD /* Services */,
				8D479E6B2799DE93001BCDCD /* Utils */,
				8D479E572799DD19001BCDCD /* AppDelegate.swift */,
				8D479E592799DD19001BCDCD /* SceneDelegate.swift */,
				8D479E602799DD1A001BCDCD /* Assets.xcassets */,
				8D479E622799DD1A001BCDCD /* LaunchScreen.storyboard */,
				8D479E652799DD1A001BCDCD /* Info.plist */,
			);
			path = StocksAppUIKit;
			sourceTree = "<group>";
		};
		8D479E6B2799DE93001BCDCD /* Utils */ = {
			isa = PBXGroup;
			children = (
				8D479E6C2799DE9E001BCDCD /* Constants.swift */,
			);
			path = Utils;
			sourceTree = "<group>";
		};
		8D479E6E2799DEB1001BCDCD /* Services */ = {
			isa = PBXGroup;
			children = (
				8D479E6F2799DEC1001BCDCD /* Webservice.swift */,
			);
			path = Services;
			sourceTree = "<group>";
		};
		8D479E712799DEDC001BCDCD /* Models */ = {
			isa = PBXGroup;
			children = (
				8D479E722799DEF0001BCDCD /* Stock.swift */,
			);
			path = Models;
			sourceTree = "<group>";
		};
		8D479E742799DF8B001BCDCD /* View Models */ = {
			isa = PBXGroup;
			children = (
				8D479E752799DF97001BCDCD /* StockListViewModel.swift */,
			);
			path = "View Models";
			sourceTree = "<group>";
		};
		8D479E772799E05F001BCDCD /* Controllers */ = {
			isa = PBXGroup;
			children = (
				8D479E782799E06D001BCDCD /* StockListViewController.swift */,
			);
			path = Controllers;
			sourceTree = "<group>";
		};
		8D479E7A2799E361001BCDCD /* Cells */ = {
			isa = PBXGroup;
			children = (
				8D479E7B2799E36B001BCDCD /* StockCell.swift */,
			);
			path = Cells;
			sourceTree = "<group>";
		};
		8D479E7D2799E65C001BCDCD /* Extensions */ = {
			isa = PBXGroup;
			children = (
				8D479E7E2799E668001BCDCD /* Double+Extensions.swift */,
			);
			path = Extensions;
			sourceTree = "<group>";
		};
/* End PBXGroup section */

/* Begin PBXNativeTarget section */
		8D479E532799DD19001BCDCD /* StocksAppUIKit */ = {
			isa = PBXNativeTarget;
			buildConfigurationList = 8D479E682799DD1A001BCDCD /* Build configuration list for PBXNativeTarget "StocksAppUIKit" */;
			buildPhases = (
				8D479E502799DD19001BCDCD /* Sources */,
				8D479E512799DD19001BCDCD /* Frameworks */,
				8D479E522799DD19001BCDCD /* Resources */,
			);
			buildRules = (
			);
			dependencies = (
			);
			name = StocksAppUIKit;
			productName = StocksAppUIKit;
			productReference = 8D479E542799DD19001BCDCD /* StocksAppUIKit.app */;
			productType = "com.apple.product-type.application";
		};
/* End PBXNativeTarget section */

/* Begin PBXProject section */
		8D479E4C2799DD19001BCDCD /* Project object */ = {
			isa = PBXProject;
			attributes = {
				BuildIndependentTargetsInParallel = 1;
				LastSwiftUpdateCheck = 1310;
				LastUpgradeCheck = 1310;
				TargetAttributes = {
					8D479E532799DD19001BCDCD = {
						CreatedOnToolsVersion = 13.1;
					};
				};
			};
			buildConfigurationList = 8D479E4F2799DD19001BCDCD /* Build configuration list for PBXProject "StocksAppUIKit" */;
			compatibilityVersion = "Xcode 13.0";
			developmentRegion = en;
			hasScannedForEncodings = 0;
			knownRegions = (
				en,
				Base,
			);
			mainGroup = 8D479E4B2799DD19001BCDCD;
			productRefGroup = 8D479E552799DD19001BCDCD /* Products */;
			projectDirPath = "";
			projectRoot = "";
			targets = (
				8D479E532799DD19001BCDCD /* StocksAppUIKit */,
			);
		};
/* End PBXProject section */

/* Begin PBXResourcesBuildPhase section */
		8D479E522799DD19001BCDCD /* Resources */ = {
			isa = PBXResourcesBuildPhase;
			buildActionMask = 2147483647;
			files = (
				8D479E642799DD1A001BCDCD /* LaunchScreen.storyboard in Resources */,
				8D479E612799DD1A001BCDCD /* Assets.xcassets in Resources */,
			);
			runOnlyForDeploymentPostprocessing = 0;
		};
/* End PBXResourcesBuildPhase section */

/* Begin PBXSourcesBuildPhase section */
		8D479E502799DD19001BCDCD /* Sources */ = {
			isa = PBXSourcesBuildPhase;
			buildActionMask = 2147483647;
			files = (
				8D479E762799DF97001BCDCD /* StockListViewModel.swift in Sources */,
				8D479E582799DD19001BCDCD /* AppDelegate.swift in Sources */,
				8D479E732799DEF0001BCDCD /* Stock.swift in Sources */,
				8D479E7F2799E668001BCDCD /* Double+Extensions.swift in Sources */,
				8D479E5A2799DD19001BCDCD /* SceneDelegate.swift in Sources */,
				8D479E702799DEC1001BCDCD /* Webservice.swift in Sources */,
				8D479E6D2799DE9E001BCDCD /* Constants.swift in Sources */,
				8D479E7C2799E36B001BCDCD /* StockCell.swift in Sources */,
				8D479E792799E06D001BCDCD /* StockListViewController.swift in Sources */,
			);
			runOnlyForDeploymentPostprocessing = 0;
		};
/* End PBXSourcesBuildPhase section */

/* Begin PBXVariantGroup section */
		8D479E622799DD1A001BCDCD /* LaunchScreen.storyboard */ = {
			isa = PBXVariantGroup;
			children = (
				8D479E632799DD1A001BCDCD /* Base */,
			);
			name = LaunchScreen.storyboard;
			sourceTree = "<group>";
		};
/* End PBXVariantGroup section */

/* Begin XCBuildConfiguration section */
		8D479E662799DD1A001BCDCD /* Debug */ = {
			isa = XCBuildConfiguration;
			buildSettings = {
				ALWAYS_SEARCH_USER_PATHS = NO;
				CLANG_ANALYZER_NONNULL = YES;
				CLANG_ANALYZER_NUMBER_OBJECT_CONVERSION = YES_AGGRESSIVE;
				CLANG_CXX_LANGUAGE_STANDARD = "gnu++17";
				CLANG_CXX_LIBRARY = "libc++";
				CLANG_ENABLE_MODULES = YES;
				CLANG_ENABLE_OBJC_ARC = YES;
				CLANG_ENABLE_OBJC_WEAK = YES;
				CLANG_WARN_BLOCK_CAPTURE_AUTORELEASING = YES;
				CLANG_WARN_BOOL_CONVERSION = YES;
				CLANG_WARN_COMMA = YES;
				CLANG_WARN_CONSTANT_CONVERSION = YES;
				CLANG_WARN_DEPRECATED_OBJC_IMPLEMENTATIONS = YES;
				CLANG_WARN_DIRECT_OBJC_ISA_USAGE = YES_ERROR;
				CLANG_WARN_DOCUMENTATION_COMMENTS = YES;
				CLANG_WARN_EMPTY_BODY = YES;
				CLANG_WARN_ENUM_CONVERSION = YES;
				CLANG_WARN_INFINITE_RECURSION = YES;
				CLANG_WARN_INT_CONVERSION = YES;
				CLANG_WARN_NON_LITERAL_NULL_CONVERSION = YES;
				CLANG_WARN_OBJC_IMPLICIT_RETAIN_SELF = YES;
				CLANG_WARN_OBJC_LITERAL_CONVERSION = YES;
				CLANG_WARN_OBJC_ROOT_CLASS = YES_ERROR;
				CLANG_WARN_QUOTED_INCLUDE_IN_FRAMEWORK_HEADER = YES;
				CLANG_WARN_RANGE_LOOP_ANALYSIS = YES;
				CLANG_WARN_STRICT_PROTOTYPES = YES;
				CLANG_WARN_SUSPICIOUS_MOVE = YES;
				CLANG_WARN_UNGUARDED_AVAILABILITY = YES_AGGRESSIVE;
				CLANG_WARN_UNREACHABLE_CODE = YES;
				CLANG_WARN__DUPLICATE_METHOD_MATCH = YES;
				COPY_PHASE_STRIP = NO;
				DEBUG_INFORMATION_FORMAT = dwarf;
				ENABLE_STRICT_OBJC_MSGSEND = YES;
				ENABLE_TESTABILITY = YES;
				GCC_C_LANGUAGE_STANDARD = gnu11;
				GCC_DYNAMIC_NO_PIC = NO;
				GCC_NO_COMMON_BLOCKS = YES;
				GCC_OPTIMIZATION_LEVEL = 0;
				GCC_PREPROCESSOR_DEFINITIONS = (
					"DEBUG=1",
					"$(inherited)",
				);
				GCC_WARN_64_TO_32_BIT_CONVERSION = YES;
				GCC_WARN_ABOUT_RETURN_TYPE = YES_ERROR;
				GCC_WARN_UNDECLARED_SELECTOR = YES;
				GCC_WARN_UNINITIALIZED_AUTOS = YES_AGGRESSIVE;
				GCC_WARN_UNUSED_FUNCTION = YES;
				GCC_WARN_UNUSED_VARIABLE = YES;
				IPHONEOS_DEPLOYMENT_TARGET = 15.0;
				MTL_ENABLE_DEBUG_INFO = INCLUDE_SOURCE;
				MTL_FAST_MATH = YES;
				ONLY_ACTIVE_ARCH = YES;
				SDKROOT = iphoneos;
				SWIFT_ACTIVE_COMPILATION_CONDITIONS = DEBUG;
				SWIFT_OPTIMIZATION_LEVEL = "-Onone";
			};
			name = Debug;
		};
		8D479E672799DD1A001BCDCD /* Release */ = {
			isa = XCBuildConfiguration;
			buildSettings = {
				ALWAYS_SEARCH_USER_PATHS = NO;
				CLANG_ANALYZER_NONNULL = YES;
				CLANG_ANALYZER_NUMBER_OBJECT_CONVERSION = YES_AGGRESSIVE;
				CLANG_CXX_LANGUAGE_STANDARD = "gnu++17";
				CLANG_CXX_LIBRARY = "libc++";
				CLANG_ENABLE_MODULES = YES;
				CLANG_ENABLE_OBJC_ARC = YES;
				CLANG_ENABLE_OBJC_WEAK = YES;
				CLANG_WARN_BLOCK_CAPTURE_AUTORELEASING = YES;
				CLANG_WARN_BOOL_CONVERSION = YES;
				CLANG_WARN_COMMA = YES;
				CLANG_WARN_CONSTANT_CONVERSION = YES;
				CLANG_WARN_DEPRECATED_OBJC_IMPLEMENTATIONS = YES;
				CLANG_WARN_DIRECT_OBJC_ISA_USAGE = YES_ERROR;
				CLANG_WARN_DOCUMENTATION_COMMENTS = YES;
				CLANG_WARN_EMPTY_BODY = YES;
				CLANG_WARN_ENUM_CONVERSION = YES;
				CLANG_WARN_INFINITE_RECURSION = YES;
				CLANG_WARN_INT_CONVERSION = YES;
				CLANG_WARN_NON_LITERAL_NULL_CONVERSION = YES;
				CLANG_WARN_OBJC_IMPLICIT_RETAIN_SELF = YES;
				CLANG_WARN_OBJC_LITERAL_CONVERSION = YES;
				CLANG_WARN_OBJC_ROOT_CLASS = YES_ERROR;
				CLANG_WARN_QUOTED_INCLUDE_IN_FRAMEWORK_HEADER = YES;
				CLANG_WARN_RANGE_LOOP_ANALYSIS = YES;
				CLANG_WARN_STRICT_PROTOTYPES = YES;
				CLANG_WARN_SUSPICIOUS_MOVE = YES;
				CLANG_WARN_UNGUARDED_AVAILABILITY = YES_AGGRESSIVE;
				CLANG_WARN_UNREACHABLE_CODE = YES;
				CLANG_WARN__DUPLICATE_METHOD_MATCH = YES;
				COPY_PHASE_STRIP = NO;
				DEBUG_INFORMATION_FORMAT = "dwarf-with-dsym";
				ENABLE_NS_ASSERTIONS = NO;
				ENABLE_STRICT_OBJC_MSGSEND = YES;
				GCC_C_LANGUAGE_STANDARD = gnu11;
				GCC_NO_COMMON_BLOCKS = YES;
				GCC_WARN_64_TO_32_BIT_CONVERSION = YES;
				GCC_WARN_ABOUT_RETURN_TYPE = YES_ERROR;
				GCC_WARN_UNDECLARED_SELECTOR = YES;
				GCC_WARN_UNINITIALIZED_AUTOS = YES_AGGRESSIVE;
				GCC_WARN_UNUSED_FUNCTION = YES;
				GCC_WARN_UNUSED_VARIABLE = YES;
				IPHONEOS_DEPLOYMENT_TARGET = 15.0;
				MTL_ENABLE_DEBUG_INFO = NO;
				MTL_FAST_MATH = YES;
				SDKROOT = iphoneos;
				SWIFT_COMPILATION_MODE = wholemodule;
				SWIFT_OPTIMIZATION_LEVEL = "-O";
				VALIDATE_PRODUCT = YES;
			};
			name = Release;
		};
		8D479E692799DD1A001BCDCD /* Debug */ = {
			isa = XCBuildConfiguration;
			buildSettings = {
				ASSETCATALOG_COMPILER_APPICON_NAME = AppIcon;
				ASSETCATALOG_COMPILER_GLOBAL_ACCENT_COLOR_NAME = AccentColor;
				CODE_SIGN_STYLE = Automatic;
				CURRENT_PROJECT_VERSION = 1;
				DEVELOPMENT_TEAM = B2Q8EGNCQA;
				GENERATE_INFOPLIST_FILE = YES;
				INFOPLIST_FILE = StocksAppUIKit/Info.plist;
				INFOPLIST_KEY_UIApplicationSupportsIndirectInputEvents = YES;
				INFOPLIST_KEY_UILaunchStoryboardName = LaunchScreen;
				INFOPLIST_KEY_UISupportedInterfaceOrientations_iPad = "UIInterfaceOrientationPortrait UIInterfaceOrientationPortraitUpsideDown UIInterfaceOrientationLandscapeLeft UIInterfaceOrientationLandscapeRight";
				INFOPLIST_KEY_UISupportedInterfaceOrientations_iPhone = "UIInterfaceOrientationPortrait UIInterfaceOrientationLandscapeLeft UIInterfaceOrientationLandscapeRight";
				LD_RUNPATH_SEARCH_PATHS = (
					"$(inherited)",
					"@executable_path/Frameworks",
				);
				MARKETING_VERSION = 1.0;
				PRODUCT_BUNDLE_IDENTIFIER = com.azamsharp.StocksAppUIKit;
				PRODUCT_NAME = "$(TARGET_NAME)";
				SWIFT_EMIT_LOC_STRINGS = YES;
				SWIFT_VERSION = 5.0;
				TARGETED_DEVICE_FAMILY = "1,2";
			};
			name = Debug;
		};
		8D479E6A2799DD1A001BCDCD /* Release */ = {
			isa = XCBuildConfiguration;
			buildSettings = {
				ASSETCATALOG_COMPILER_APPICON_NAME = AppIcon;
				ASSETCATALOG_COMPILER_GLOBAL_ACCENT_COLOR_NAME = AccentColor;
				CODE_SIGN_STYLE = Automatic;
				CURRENT_PROJECT_VERSION = 1;
				DEVELOPMENT_TEAM = B2Q8EGNCQA;
				GENERATE_INFOPLIST_FILE = YES;
				INFOPLIST_FILE = StocksAppUIKit/Info.plist;
				INFOPLIST_KEY_UIApplicationSupportsIndirectInputEvents = YES;
				INFOPLIST_KEY_UILaunchStoryboardName = LaunchScreen;
				INFOPLIST_KEY_UISupportedInterfaceOrientations_iPad = "UIInterfaceOrientationPortrait UIInterfaceOrientationPortraitUpsideDown UIInterfaceOrientationLandscapeLeft UIInterfaceOrientationLandscapeRight";
				INFOPLIST_KEY_UISupportedInterfaceOrientations_iPhone = "UIInterfaceOrientationPortrait UIInterfaceOrientationLandscapeLeft UIInterfaceOrientationLandscapeRight";
				LD_RUNPATH_SEARCH_PATHS = (
					"$(inherited)",
					"@executable_path/Frameworks",
				);
				MARKETING_VERSION = 1.0;
				PRODUCT_BUNDLE_IDENTIFIER = com.azamsharp.StocksAppUIKit;
				PRODUCT_NAME = "$(TARGET_NAME)";
				SWIFT_EMIT_LOC_STRINGS = YES;
				SWIFT_VERSION = 5.0;
				TARGETED_DEVICE_FAMILY = "1,2";
			};
			name = Release;
		};
/* End XCBuildConfiguration section */

/* Begin XCConfigurationList section */
		8D479E4F2799DD19001BCDCD /* Build configuration list for PBXProject "StocksAppUIKit" */ = {
			isa = XCConfigurationList;
			buildConfigurations = (
				8D479E662799DD1A001BCDCD /* Debug */,
				8D479E672799DD1A001BCDCD /* Release */,
			);
			defaultConfigurationIsVisible = 0;
			defaultConfigurationName = Release;
		};
		8D479E682799DD1A001BCDCD /* Build configuration list for PBXNativeTarget "StocksAppUIKit" */ = {
			isa = XCConfigurationList;
			buildConfigurations = (
				8D479E692799DD1A001BCDCD /* Debug */,
				8D479E6A2799DD1A001BCDCD /* Release */,
			);
			defaultConfigurationIsVisible = 0;
			defaultConfigurationName = Release;
		};
/* End XCConfigurationList section */
	};
	rootObject = 8D479E4C2799DD19001BCDCD /* Project object */;
}
